// !$*UTF8*$!
{
	archiveVersion = 1;
	classes = {
	};
	objectVersion = 55;
	objects = {

/* Begin PBXBuildFile section */
		D02AFAA827CF2FC000638A9A /* TriviaManager.swift in Sources */ = {isa = PBXBuildFile; fileRef = D02AFAA727CF2FC000638A9A /* TriviaManager.swift */; };
		D02AFAAA27CF31A600638A9A /* TriviaViewModel.swift in Sources */ = {isa = PBXBuildFile; fileRef = D02AFAA927CF31A600638A9A /* TriviaViewModel.swift */; };
		D02AFAAC27CF3F7600638A9A /* TriviaQuestions.json in Resources */ = {isa = PBXBuildFile; fileRef = D02AFAAB27CF3F7500638A9A /* TriviaQuestions.json */; };
		D02AFAAE27CF49F500638A9A /* ReusableText.swift in Sources */ = {isa = PBXBuildFile; fileRef = D02AFAAD27CF49F500638A9A /* ReusableText.swift */; };
		D02AFAB127D0241F00638A9A /* CategoryListViewModel.swift in Sources */ = {isa = PBXBuildFile; fileRef = D02AFAB027D0241F00638A9A /* CategoryListViewModel.swift */; };
		D02AFAB327D0257000638A9A /* CategoryListView.swift in Sources */ = {isa = PBXBuildFile; fileRef = D02AFAB227D0257000638A9A /* CategoryListView.swift */; };
		D02AFAB727D0438B00638A9A /* BackgroundView.swift in Sources */ = {isa = PBXBuildFile; fileRef = D02AFAB627D0438B00638A9A /* BackgroundView.swift */; };
		D05FCE7727D0513C00FDD433 /* QuestionView.swift in Sources */ = {isa = PBXBuildFile; fileRef = D05FCE7627D0513C00FDD433 /* QuestionView.swift */; };
		D05FCE7927D05D8900FDD433 /* ProgressBar.swift in Sources */ = {isa = PBXBuildFile; fileRef = D05FCE7827D05D8900FDD433 /* ProgressBar.swift */; };
		D05FCE7C27D0631B00FDD433 /* Answer.swift in Sources */ = {isa = PBXBuildFile; fileRef = D05FCE7B27D0631B00FDD433 /* Answer.swift */; };
		D05FCE7E27D0635000FDD433 /* AnswerRow.swift in Sources */ = {isa = PBXBuildFile; fileRef = D05FCE7D27D0635000FDD433 /* AnswerRow.swift */; };
		D05FCE8027D18C7A00FDD433 /* TriviaView.swift in Sources */ = {isa = PBXBuildFile; fileRef = D05FCE7F27D18C7A00FDD433 /* TriviaView.swift */; };
		D05FCE8227D1DB8D00FDD433 /* Trivia.swift in Sources */ = {isa = PBXBuildFile; fileRef = D05FCE8127D1DB8D00FDD433 /* Trivia.swift */; };
		D0CD60BE27B5C887002289A2 /* TriviaApp.swift in Sources */ = {isa = PBXBuildFile; fileRef = D0CD60BD27B5C887002289A2 /* TriviaApp.swift */; };
		D0CD60C027B5C887002289A2 /* CategoryView.swift in Sources */ = {isa = PBXBuildFile; fileRef = D0CD60BF27B5C887002289A2 /* CategoryView.swift */; };
		D0CD60C227B5C888002289A2 /* Assets.xcassets in Resources */ = {isa = PBXBuildFile; fileRef = D0CD60C127B5C888002289A2 /* Assets.xcassets */; };
		D0CD60C527B5C888002289A2 /* Preview Assets.xcassets in Resources */ = {isa = PBXBuildFile; fileRef = D0CD60C427B5C888002289A2 /* Preview Assets.xcassets */; };
		D0CD60CF27B5C888002289A2 /* TriviaTests.swift in Sources */ = {isa = PBXBuildFile; fileRef = D0CD60CE27B5C888002289A2 /* TriviaTests.swift */; };
		D0CD60D927B5C888002289A2 /* TriviaUITests.swift in Sources */ = {isa = PBXBuildFile; fileRef = D0CD60D827B5C888002289A2 /* TriviaUITests.swift */; };
		D0CD60DB27B5C888002289A2 /* TriviaUITestsLaunchTests.swift in Sources */ = {isa = PBXBuildFile; fileRef = D0CD60DA27B5C888002289A2 /* TriviaUITestsLaunchTests.swift */; };
		D0CD60E927B6DFF4002289A2 /* PrimaryButton.swift in Sources */ = {isa = PBXBuildFile; fileRef = D0CD60E827B6DFF4002289A2 /* PrimaryButton.swift */; };
/* End PBXBuildFile section */

/* Begin PBXContainerItemProxy section */
		D0CD60CB27B5C888002289A2 /* PBXContainerItemProxy */ = {
			isa = PBXContainerItemProxy;
			containerPortal = D0CD60B227B5C887002289A2 /* Project object */;
			proxyType = 1;
			remoteGlobalIDString = D0CD60B927B5C887002289A2;
			remoteInfo = Trivia;
		};
		D0CD60D527B5C888002289A2 /* PBXContainerItemProxy */ = {
			isa = PBXContainerItemProxy;
			containerPortal = D0CD60B227B5C887002289A2 /* Project object */;
			proxyType = 1;
			remoteGlobalIDString = D0CD60B927B5C887002289A2;
			remoteInfo = Trivia;
		};
/* End PBXContainerItemProxy section */

/* Begin PBXFileReference section */
		D02AFAA727CF2FC000638A9A /* TriviaManager.swift */ = {isa = PBXFileReference; lastKnownFileType = sourcecode.swift; path = TriviaManager.swift; sourceTree = "<group>"; };
		D02AFAA927CF31A600638A9A /* TriviaViewModel.swift */ = {isa = PBXFileReference; lastKnownFileType = sourcecode.swift; path = TriviaViewModel.swift; sourceTree = "<group>"; };
		D02AFAAB27CF3F7500638A9A /* TriviaQuestions.json */ = {isa = PBXFileReference; lastKnownFileType = text.json; path = TriviaQuestions.json; sourceTree = "<group>"; };
		D02AFAAD27CF49F500638A9A /* ReusableText.swift */ = {isa = PBXFileReference; lastKnownFileType = sourcecode.swift; path = ReusableText.swift; sourceTree = "<group>"; };
		D02AFAB027D0241F00638A9A /* CategoryListViewModel.swift */ = {isa = PBXFileReference; lastKnownFileType = sourcecode.swift; path = CategoryListViewModel.swift; sourceTree = "<group>"; };
		D02AFAB227D0257000638A9A /* CategoryListView.swift */ = {isa = PBXFileReference; lastKnownFileType = sourcecode.swift; path = CategoryListView.swift; sourceTree = "<group>"; };
		D02AFAB627D0438B00638A9A /* BackgroundView.swift */ = {isa = PBXFileReference; lastKnownFileType = sourcecode.swift; path = BackgroundView.swift; sourceTree = "<group>"; };
		D05FCE7627D0513C00FDD433 /* QuestionView.swift */ = {isa = PBXFileReference; lastKnownFileType = sourcecode.swift; path = QuestionView.swift; sourceTree = "<group>"; };
		D05FCE7827D05D8900FDD433 /* ProgressBar.swift */ = {isa = PBXFileReference; lastKnownFileType = sourcecode.swift; path = ProgressBar.swift; sourceTree = "<group>"; };
		D05FCE7B27D0631B00FDD433 /* Answer.swift */ = {isa = PBXFileReference; lastKnownFileType = sourcecode.swift; path = Answer.swift; sourceTree = "<group>"; };
		D05FCE7D27D0635000FDD433 /* AnswerRow.swift */ = {isa = PBXFileReference; lastKnownFileType = sourcecode.swift; path = AnswerRow.swift; sourceTree = "<group>"; };
		D05FCE7F27D18C7A00FDD433 /* TriviaView.swift */ = {isa = PBXFileReference; lastKnownFileType = sourcecode.swift; path = TriviaView.swift; sourceTree = "<group>"; };
		D05FCE8127D1DB8D00FDD433 /* Trivia.swift */ = {isa = PBXFileReference; lastKnownFileType = sourcecode.swift; path = Trivia.swift; sourceTree = "<group>"; };
		D0CD60BA27B5C887002289A2 /* Trivia.app */ = {isa = PBXFileReference; explicitFileType = wrapper.application; includeInIndex = 0; path = Trivia.app; sourceTree = BUILT_PRODUCTS_DIR; };
		D0CD60BD27B5C887002289A2 /* TriviaApp.swift */ = {isa = PBXFileReference; lastKnownFileType = sourcecode.swift; path = TriviaApp.swift; sourceTree = "<group>"; };
		D0CD60BF27B5C887002289A2 /* CategoryView.swift */ = {isa = PBXFileReference; lastKnownFileType = sourcecode.swift; path = CategoryView.swift; sourceTree = "<group>"; };
		D0CD60C127B5C888002289A2 /* Assets.xcassets */ = {isa = PBXFileReference; lastKnownFileType = folder.assetcatalog; path = Assets.xcassets; sourceTree = "<group>"; };
		D0CD60C427B5C888002289A2 /* Preview Assets.xcassets */ = {isa = PBXFileReference; lastKnownFileType = folder.assetcatalog; path = "Preview Assets.xcassets"; sourceTree = "<group>"; };
		D0CD60CA27B5C888002289A2 /* TriviaTests.xctest */ = {isa = PBXFileReference; explicitFileType = wrapper.cfbundle; includeInIndex = 0; path = TriviaTests.xctest; sourceTree = BUILT_PRODUCTS_DIR; };
		D0CD60CE27B5C888002289A2 /* TriviaTests.swift */ = {isa = PBXFileReference; lastKnownFileType = sourcecode.swift; path = TriviaTests.swift; sourceTree = "<group>"; };
		D0CD60D427B5C888002289A2 /* TriviaUITests.xctest */ = {isa = PBXFileReference; explicitFileType = wrapper.cfbundle; includeInIndex = 0; path = TriviaUITests.xctest; sourceTree = BUILT_PRODUCTS_DIR; };
		D0CD60D827B5C888002289A2 /* TriviaUITests.swift */ = {isa = PBXFileReference; lastKnownFileType = sourcecode.swift; path = TriviaUITests.swift; sourceTree = "<group>"; };
		D0CD60DA27B5C888002289A2 /* TriviaUITestsLaunchTests.swift */ = {isa = PBXFileReference; lastKnownFileType = sourcecode.swift; path = TriviaUITestsLaunchTests.swift; sourceTree = "<group>"; };
		D0CD60E827B6DFF4002289A2 /* PrimaryButton.swift */ = {isa = PBXFileReference; lastKnownFileType = sourcecode.swift; path = PrimaryButton.swift; sourceTree = "<group>"; };
/* End PBXFileReference section */

/* Begin PBXFrameworksBuildPhase section */
		D0CD60B727B5C887002289A2 /* Frameworks */ = {
			isa = PBXFrameworksBuildPhase;
			buildActionMask = 2147483647;
			files = (
			);
			runOnlyForDeploymentPostprocessing = 0;
		};
		D0CD60C727B5C888002289A2 /* Frameworks */ = {
			isa = PBXFrameworksBuildPhase;
			buildActionMask = 2147483647;
			files = (
			);
			runOnlyForDeploymentPostprocessing = 0;
		};
		D0CD60D127B5C888002289A2 /* Frameworks */ = {
			isa = PBXFrameworksBuildPhase;
			buildActionMask = 2147483647;
			files = (
			);
			runOnlyForDeploymentPostprocessing = 0;
		};
/* End PBXFrameworksBuildPhase section */

/* Begin PBXGroup section */
		D02AFAAF27D0221200638A9A /* Views */ = {
			isa = PBXGroup;
			children = (
				D0CD60BF27B5C887002289A2 /* CategoryView.swift */,
				D02AFAB227D0257000638A9A /* CategoryListView.swift */,
				D05FCE7627D0513C00FDD433 /* QuestionView.swift */,
				D05FCE7D27D0635000FDD433 /* AnswerRow.swift */,
				D05FCE7F27D18C7A00FDD433 /* TriviaView.swift */,
			);
			path = Views;
			sourceTree = "<group>";
		};
		D05FCE7A27D0630900FDD433 /* Models */ = {
			isa = PBXGroup;
			children = (
				D05FCE7B27D0631B00FDD433 /* Answer.swift */,
				D05FCE8127D1DB8D00FDD433 /* Trivia.swift */,
			);
			path = Models;
			sourceTree = "<group>";
		};
		D0CD60B127B5C887002289A2 = {
			isa = PBXGroup;
			children = (
				D0CD60BC27B5C887002289A2 /* Trivia */,
				D0CD60CD27B5C888002289A2 /* TriviaTests */,
				D0CD60D727B5C888002289A2 /* TriviaUITests */,
				D0CD60BB27B5C887002289A2 /* Products */,
			);
			sourceTree = "<group>";
		};
		D0CD60BB27B5C887002289A2 /* Products */ = {
			isa = PBXGroup;
			children = (
				D0CD60BA27B5C887002289A2 /* Trivia.app */,
				D0CD60CA27B5C888002289A2 /* TriviaTests.xctest */,
				D0CD60D427B5C888002289A2 /* TriviaUITests.xctest */,
			);
			name = Products;
			sourceTree = "<group>";
		};
		D0CD60BC27B5C887002289A2 /* Trivia */ = {
			isa = PBXGroup;
			children = (
				D05FCE7A27D0630900FDD433 /* Models */,
				D02AFAAF27D0221200638A9A /* Views */,
				D0CD60E727B6DFDF002289A2 /* Components */,
				D0CD60BD27B5C887002289A2 /* TriviaApp.swift */,
				D0CD60C127B5C888002289A2 /* Assets.xcassets */,
				D0CD60C327B5C888002289A2 /* Preview Content */,
				D02AFAA727CF2FC000638A9A /* TriviaManager.swift */,
				D02AFAA927CF31A600638A9A /* TriviaViewModel.swift */,
				D02AFAAB27CF3F7500638A9A /* TriviaQuestions.json */,
				D02AFAAD27CF49F500638A9A /* ReusableText.swift */,
				D02AFAB027D0241F00638A9A /* CategoryListViewModel.swift */,
			);
			path = Trivia;
			sourceTree = "<group>";
		};
		D0CD60C327B5C888002289A2 /* Preview Content */ = {
			isa = PBXGroup;
			children = (
				D0CD60C427B5C888002289A2 /* Preview Assets.xcassets */,
			);
			path = "Preview Content";
			sourceTree = "<group>";
		};
		D0CD60CD27B5C888002289A2 /* TriviaTests */ = {
			isa = PBXGroup;
			children = (
				D0CD60CE27B5C888002289A2 /* TriviaTests.swift */,
			);
			path = TriviaTests;
			sourceTree = "<group>";
		};
		D0CD60D727B5C888002289A2 /* TriviaUITests */ = {
			isa = PBXGroup;
			children = (
				D0CD60D827B5C888002289A2 /* TriviaUITests.swift */,
				D0CD60DA27B5C888002289A2 /* TriviaUITestsLaunchTests.swift */,
			);
			path = TriviaUITests;
			sourceTree = "<group>";
		};
		D0CD60E727B6DFDF002289A2 /* Components */ = {
			isa = PBXGroup;
			children = (
				D02AFAB627D0438B00638A9A /* BackgroundView.swift */,
				D0CD60E827B6DFF4002289A2 /* PrimaryButton.swift */,
				D05FCE7827D05D8900FDD433 /* ProgressBar.swift */,
			);
			path = Components;
			sourceTree = "<group>";
		};
/* End PBXGroup section */

/* Begin PBXNativeTarget section */
		D0CD60B927B5C887002289A2 /* Trivia */ = {
			isa = PBXNativeTarget;
			buildConfigurationList = D0CD60DE27B5C888002289A2 /* Build configuration list for PBXNativeTarget "Trivia" */;
			buildPhases = (
				D0CD60B627B5C887002289A2 /* Sources */,
				D0CD60B727B5C887002289A2 /* Frameworks */,
				D0CD60B827B5C887002289A2 /* Resources */,
			);
			buildRules = (
			);
			dependencies = (
			);
			name = Trivia;
			productName = Trivia;
			productReference = D0CD60BA27B5C887002289A2 /* Trivia.app */;
			productType = "com.apple.product-type.application";
		};
		D0CD60C927B5C888002289A2 /* TriviaTests */ = {
			isa = PBXNativeTarget;
			buildConfigurationList = D0CD60E127B5C888002289A2 /* Build configuration list for PBXNativeTarget "TriviaTests" */;
			buildPhases = (
				D0CD60C627B5C888002289A2 /* Sources */,
				D0CD60C727B5C888002289A2 /* Frameworks */,
				D0CD60C827B5C888002289A2 /* Resources */,
			);
			buildRules = (
			);
			dependencies = (
				D0CD60CC27B5C888002289A2 /* PBXTargetDependency */,
			);
			name = TriviaTests;
			productName = TriviaTests;
			productReference = D0CD60CA27B5C888002289A2 /* TriviaTests.xctest */;
			productType = "com.apple.product-type.bundle.unit-test";
		};
		D0CD60D327B5C888002289A2 /* TriviaUITests */ = {
			isa = PBXNativeTarget;
			buildConfigurationList = D0CD60E427B5C888002289A2 /* Build configuration list for PBXNativeTarget "TriviaUITests" */;
			buildPhases = (
				D0CD60D027B5C888002289A2 /* Sources */,
				D0CD60D127B5C888002289A2 /* Frameworks */,
				D0CD60D227B5C888002289A2 /* Resources */,
			);
			buildRules = (
			);
			dependencies = (
				D0CD60D627B5C888002289A2 /* PBXTargetDependency */,
			);
			name = TriviaUITests;
			productName = TriviaUITests;
			productReference = D0CD60D427B5C888002289A2 /* TriviaUITests.xctest */;
			productType = "com.apple.product-type.bundle.ui-testing";
		};
/* End PBXNativeTarget section */

/* Begin PBXProject section */
		D0CD60B227B5C887002289A2 /* Project object */ = {
			isa = PBXProject;
			attributes = {
				BuildIndependentTargetsInParallel = 1;
				LastSwiftUpdateCheck = 1310;
				LastUpgradeCheck = 1310;
				TargetAttributes = {
					D0CD60B927B5C887002289A2 = {
						CreatedOnToolsVersion = 13.1;
					};
					D0CD60C927B5C888002289A2 = {
						CreatedOnToolsVersion = 13.1;
						TestTargetID = D0CD60B927B5C887002289A2;
					};
					D0CD60D327B5C888002289A2 = {
						CreatedOnToolsVersion = 13.1;
						TestTargetID = D0CD60B927B5C887002289A2;
					};
				};
			};
			buildConfigurationList = D0CD60B527B5C887002289A2 /* Build configuration list for PBXProject "Trivia" */;
			compatibilityVersion = "Xcode 13.0";
			developmentRegion = en;
			hasScannedForEncodings = 0;
			knownRegions = (
				en,
				Base,
			);
			mainGroup = D0CD60B127B5C887002289A2;
			productRefGroup = D0CD60BB27B5C887002289A2 /* Products */;
			projectDirPath = "";
			projectRoot = "";
			targets = (
				D0CD60B927B5C887002289A2 /* Trivia */,
				D0CD60C927B5C888002289A2 /* TriviaTests */,
				D0CD60D327B5C888002289A2 /* TriviaUITests */,
			);
		};
/* End PBXProject section */

/* Begin PBXResourcesBuildPhase section */
		D0CD60B827B5C887002289A2 /* Resources */ = {
			isa = PBXResourcesBuildPhase;
			buildActionMask = 2147483647;
			files = (
				D0CD60C527B5C888002289A2 /* Preview Assets.xcassets in Resources */,
				D0CD60C227B5C888002289A2 /* Assets.xcassets in Resources */,
				D02AFAAC27CF3F7600638A9A /* TriviaQuestions.json in Resources */,
			);
			runOnlyForDeploymentPostprocessing = 0;
		};
		D0CD60C827B5C888002289A2 /* Resources */ = {
			isa = PBXResourcesBuildPhase;
			buildActionMask = 2147483647;
			files = (
			);
			runOnlyForDeploymentPostprocessing = 0;
		};
		D0CD60D227B5C888002289A2 /* Resources */ = {
			isa = PBXResourcesBuildPhase;
			buildActionMask = 2147483647;
			files = (
			);
			runOnlyForDeploymentPostprocessing = 0;
		};
/* End PBXResourcesBuildPhase section */

/* Begin PBXSourcesBuildPhase section */
		D0CD60B627B5C887002289A2 /* Sources */ = {
			isa = PBXSourcesBuildPhase;
			buildActionMask = 2147483647;
			files = (
				D05FCE7727D0513C00FDD433 /* QuestionView.swift in Sources */,
				D05FCE7E27D0635000FDD433 /* AnswerRow.swift in Sources */,
				D05FCE7927D05D8900FDD433 /* ProgressBar.swift in Sources */,
				D05FCE8027D18C7A00FDD433 /* TriviaView.swift in Sources */,
				D02AFAB727D0438B00638A9A /* BackgroundView.swift in Sources */,
				D05FCE7C27D0631B00FDD433 /* Answer.swift in Sources */,
				D02AFAA827CF2FC000638A9A /* TriviaManager.swift in Sources */,
				D05FCE8227D1DB8D00FDD433 /* Trivia.swift in Sources */,
				D0CD60E927B6DFF4002289A2 /* PrimaryButton.swift in Sources */,
				D02AFAAA27CF31A600638A9A /* TriviaViewModel.swift in Sources */,
				D02AFAB127D0241F00638A9A /* CategoryListViewModel.swift in Sources */,
				D02AFAAE27CF49F500638A9A /* ReusableText.swift in Sources */,
				D0CD60C027B5C887002289A2 /* CategoryView.swift in Sources */,
				D02AFAB327D0257000638A9A /* CategoryListView.swift in Sources */,
				D0CD60BE27B5C887002289A2 /* TriviaApp.swift in Sources */,
			);
			runOnlyForDeploymentPostprocessing = 0;
		};
		D0CD60C627B5C888002289A2 /* Sources */ = {
			isa = PBXSourcesBuildPhase;
			buildActionMask = 2147483647;
			files = (
				D0CD60CF27B5C888002289A2 /* TriviaTests.swift in Sources */,
			);
			runOnlyForDeploymentPostprocessing = 0;
		};
		D0CD60D027B5C888002289A2 /* Sources */ = {
			isa = PBXSourcesBuildPhase;
			buildActionMask = 2147483647;
			files = (
				D0CD60D927B5C888002289A2 /* TriviaUITests.swift in Sources */,
				D0CD60DB27B5C888002289A2 /* TriviaUITestsLaunchTests.swift in Sources */,
			);
			runOnlyForDeploymentPostprocessing = 0;
		};
/* End PBXSourcesBuildPhase section */

/* Begin PBXTargetDependency section */
		D0CD60CC27B5C888002289A2 /* PBXTargetDependency */ = {
			isa = PBXTargetDependency;
			target = D0CD60B927B5C887002289A2 /* Trivia */;
			targetProxy = D0CD60CB27B5C888002289A2 /* PBXContainerItemProxy */;
		};
		D0CD60D627B5C888002289A2 /* PBXTargetDependency */ = {
			isa = PBXTargetDependency;
			target = D0CD60B927B5C887002289A2 /* Trivia */;
			targetProxy = D0CD60D527B5C888002289A2 /* PBXContainerItemProxy */;
		};
/* End PBXTargetDependency section */

/* Begin XCBuildConfiguration section */
		D0CD60DC27B5C888002289A2 /* Debug */ = {
			isa = XCBuildConfiguration;
			buildSettings = {
				ALWAYS_SEARCH_USER_PATHS = NO;
				CLANG_ANALYZER_NONNULL = YES;
				CLANG_ANALYZER_NUMBER_OBJECT_CONVERSION = YES_AGGRESSIVE;
				CLANG_CXX_LANGUAGE_STANDARD = "gnu++17";
				CLANG_CXX_LIBRARY = "libc++";
				CLANG_ENABLE_MODULES = YES;
				CLANG_ENABLE_OBJC_ARC = YES;
				CLANG_ENABLE_OBJC_WEAK = YES;
				CLANG_WARN_BLOCK_CAPTURE_AUTORELEASING = YES;
				CLANG_WARN_BOOL_CONVERSION = YES;
				CLANG_WARN_COMMA = YES;
				CLANG_WARN_CONSTANT_CONVERSION = YES;
				CLANG_WARN_DEPRECATED_OBJC_IMPLEMENTATIONS = YES;
				CLANG_WARN_DIRECT_OBJC_ISA_USAGE = YES_ERROR;
				CLANG_WARN_DOCUMENTATION_COMMENTS = YES;
				CLANG_WARN_EMPTY_BODY = YES;
				CLANG_WARN_ENUM_CONVERSION = YES;
				CLANG_WARN_INFINITE_RECURSION = YES;
				CLANG_WARN_INT_CONVERSION = YES;
				CLANG_WARN_NON_LITERAL_NULL_CONVERSION = YES;
				CLANG_WARN_OBJC_IMPLICIT_RETAIN_SELF = YES;
				CLANG_WARN_OBJC_LITERAL_CONVERSION = YES;
				CLANG_WARN_OBJC_ROOT_CLASS = YES_ERROR;
				CLANG_WARN_QUOTED_INCLUDE_IN_FRAMEWORK_HEADER = YES;
				CLANG_WARN_RANGE_LOOP_ANALYSIS = YES;
				CLANG_WARN_STRICT_PROTOTYPES = YES;
				CLANG_WARN_SUSPICIOUS_MOVE = YES;
				CLANG_WARN_UNGUARDED_AVAILABILITY = YES_AGGRESSIVE;
				CLANG_WARN_UNREACHABLE_CODE = YES;
				CLANG_WARN__DUPLICATE_METHOD_MATCH = YES;
				COPY_PHASE_STRIP = NO;
				DEBUG_INFORMATION_FORMAT = dwarf;
				ENABLE_STRICT_OBJC_MSGSEND = YES;
				ENABLE_TESTABILITY = YES;
				GCC_C_LANGUAGE_STANDARD = gnu11;
				GCC_DYNAMIC_NO_PIC = NO;
				GCC_NO_COMMON_BLOCKS = YES;
				GCC_OPTIMIZATION_LEVEL = 0;
				GCC_PREPROCESSOR_DEFINITIONS = (
					"DEBUG=1",
					"$(inherited)",
				);
				GCC_WARN_64_TO_32_BIT_CONVERSION = YES;
				GCC_WARN_ABOUT_RETURN_TYPE = YES_ERROR;
				GCC_WARN_UNDECLARED_SELECTOR = YES;
				GCC_WARN_UNINITIALIZED_AUTOS = YES_AGGRESSIVE;
				GCC_WARN_UNUSED_FUNCTION = YES;
				GCC_WARN_UNUSED_VARIABLE = YES;
				IPHONEOS_DEPLOYMENT_TARGET = 15.0;
				MTL_ENABLE_DEBUG_INFO = INCLUDE_SOURCE;
				MTL_FAST_MATH = YES;
				ONLY_ACTIVE_ARCH = YES;
				SDKROOT = iphoneos;
				SWIFT_ACTIVE_COMPILATION_CONDITIONS = DEBUG;
				SWIFT_OPTIMIZATION_LEVEL = "-Onone";
			};
			name = Debug;
		};
		D0CD60DD27B5C888002289A2 /* Release */ = {
			isa = XCBuildConfiguration;
			buildSettings = {
				ALWAYS_SEARCH_USER_PATHS = NO;
				CLANG_ANALYZER_NONNULL = YES;
				CLANG_ANALYZER_NUMBER_OBJECT_CONVERSION = YES_AGGRESSIVE;
				CLANG_CXX_LANGUAGE_STANDARD = "gnu++17";
				CLANG_CXX_LIBRARY = "libc++";
				CLANG_ENABLE_MODULES = YES;
				CLANG_ENABLE_OBJC_ARC = YES;
				CLANG_ENABLE_OBJC_WEAK = YES;
				CLANG_WARN_BLOCK_CAPTURE_AUTORELEASING = YES;
				CLANG_WARN_BOOL_CONVERSION = YES;
				CLANG_WARN_COMMA = YES;
				CLANG_WARN_CONSTANT_CONVERSION = YES;
				CLANG_WARN_DEPRECATED_OBJC_IMPLEMENTATIONS = YES;
				CLANG_WARN_DIRECT_OBJC_ISA_USAGE = YES_ERROR;
				CLANG_WARN_DOCUMENTATION_COMMENTS = YES;
				CLANG_WARN_EMPTY_BODY = YES;
				CLANG_WARN_ENUM_CONVERSION = YES;
				CLANG_WARN_INFINITE_RECURSION = YES;
				CLANG_WARN_INT_CONVERSION = YES;
				CLANG_WARN_NON_LITERAL_NULL_CONVERSION = YES;
				CLANG_WARN_OBJC_IMPLICIT_RETAIN_SELF = YES;
				CLANG_WARN_OBJC_LITERAL_CONVERSION = YES;
				CLANG_WARN_OBJC_ROOT_CLASS = YES_ERROR;
				CLANG_WARN_QUOTED_INCLUDE_IN_FRAMEWORK_HEADER = YES;
				CLANG_WARN_RANGE_LOOP_ANALYSIS = YES;
				CLANG_WARN_STRICT_PROTOTYPES = YES;
				CLANG_WARN_SUSPICIOUS_MOVE = YES;
				CLANG_WARN_UNGUARDED_AVAILABILITY = YES_AGGRESSIVE;
				CLANG_WARN_UNREACHABLE_CODE = YES;
				CLANG_WARN__DUPLICATE_METHOD_MATCH = YES;
				COPY_PHASE_STRIP = NO;
				DEBUG_INFORMATION_FORMAT = "dwarf-with-dsym";
				ENABLE_NS_ASSERTIONS = NO;
				ENABLE_STRICT_OBJC_MSGSEND = YES;
				GCC_C_LANGUAGE_STANDARD = gnu11;
				GCC_NO_COMMON_BLOCKS = YES;
				GCC_WARN_64_TO_32_BIT_CONVERSION = YES;
				GCC_WARN_ABOUT_RETURN_TYPE = YES_ERROR;
				GCC_WARN_UNDECLARED_SELECTOR = YES;
				GCC_WARN_UNINITIALIZED_AUTOS = YES_AGGRESSIVE;
				GCC_WARN_UNUSED_FUNCTION = YES;
				GCC_WARN_UNUSED_VARIABLE = YES;
				IPHONEOS_DEPLOYMENT_TARGET = 15.0;
				MTL_ENABLE_DEBUG_INFO = NO;
				MTL_FAST_MATH = YES;
				SDKROOT = iphoneos;
				SWIFT_COMPILATION_MODE = wholemodule;
				SWIFT_OPTIMIZATION_LEVEL = "-O";
				VALIDATE_PRODUCT = YES;
			};
			name = Release;
		};
		D0CD60DF27B5C888002289A2 /* Debug */ = {
			isa = XCBuildConfiguration;
			buildSettings = {
				ASSETCATALOG_COMPILER_APPICON_NAME = AppIcon;
				ASSETCATALOG_COMPILER_GLOBAL_ACCENT_COLOR_NAME = AccentColor;
				CODE_SIGN_STYLE = Automatic;
				CURRENT_PROJECT_VERSION = 1;
				DEVELOPMENT_ASSET_PATHS = "\"Trivia/Preview Content\"";
				DEVELOPMENT_TEAM = S7297N2DPU;
				ENABLE_PREVIEWS = YES;
				GENERATE_INFOPLIST_FILE = YES;
				INFOPLIST_KEY_UIApplicationSceneManifest_Generation = YES;
				INFOPLIST_KEY_UIApplicationSupportsIndirectInputEvents = YES;
				INFOPLIST_KEY_UILaunchScreen_Generation = YES;
				INFOPLIST_KEY_UISupportedInterfaceOrientations_iPad = "UIInterfaceOrientationPortrait UIInterfaceOrientationPortraitUpsideDown UIInterfaceOrientationLandscapeLeft UIInterfaceOrientationLandscapeRight";
				INFOPLIST_KEY_UISupportedInterfaceOrientations_iPhone = "UIInterfaceOrientationPortrait UIInterfaceOrientationLandscapeLeft UIInterfaceOrientationLandscapeRight";
				LD_RUNPATH_SEARCH_PATHS = (
					"$(inherited)",
					"@executable_path/Frameworks",
				);
				MARKETING_VERSION = 1.0;
				PRODUCT_BUNDLE_IDENTIFIER = com.alexis.Trivia;
				PRODUCT_NAME = "$(TARGET_NAME)";
				SWIFT_EMIT_LOC_STRINGS = YES;
				SWIFT_VERSION = 5.0;
				TARGETED_DEVICE_FAMILY = "1,2";
			};
			name = Debug;
		};
		D0CD60E027B5C888002289A2 /* Release */ = {
			isa = XCBuildConfiguration;
			buildSettings = {
				ASSETCATALOG_COMPILER_APPICON_NAME = AppIcon;
				ASSETCATALOG_COMPILER_GLOBAL_ACCENT_COLOR_NAME = AccentColor;
				CODE_SIGN_STYLE = Automatic;
				CURRENT_PROJECT_VERSION = 1;
				DEVELOPMENT_ASSET_PATHS = "\"Trivia/Preview Content\"";
				DEVELOPMENT_TEAM = S7297N2DPU;
				ENABLE_PREVIEWS = YES;
				GENERATE_INFOPLIST_FILE = YES;
				INFOPLIST_KEY_UIApplicationSceneManifest_Generation = YES;
				INFOPLIST_KEY_UIApplicationSupportsIndirectInputEvents = YES;
				INFOPLIST_KEY_UILaunchScreen_Generation = YES;
				INFOPLIST_KEY_UISupportedInterfaceOrientations_iPad = "UIInterfaceOrientationPortrait UIInterfaceOrientationPortraitUpsideDown UIInterfaceOrientationLandscapeLeft UIInterfaceOrientationLandscapeRight";
				INFOPLIST_KEY_UISupportedInterfaceOrientations_iPhone = "UIInterfaceOrientationPortrait UIInterfaceOrientationLandscapeLeft UIInterfaceOrientationLandscapeRight";
				LD_RUNPATH_SEARCH_PATHS = (
					"$(inherited)",
					"@executable_path/Frameworks",
				);
				MARKETING_VERSION = 1.0;
				PRODUCT_BUNDLE_IDENTIFIER = com.alexis.Trivia;
				PRODUCT_NAME = "$(TARGET_NAME)";
				SWIFT_EMIT_LOC_STRINGS = YES;
				SWIFT_VERSION = 5.0;
				TARGETED_DEVICE_FAMILY = "1,2";
			};
			name = Release;
		};
		D0CD60E227B5C888002289A2 /* Debug */ = {
			isa = XCBuildConfiguration;
			buildSettings = {
				ALWAYS_EMBED_SWIFT_STANDARD_LIBRARIES = YES;
				BUNDLE_LOADER = "$(TEST_HOST)";
				CODE_SIGN_STYLE = Automatic;
				CURRENT_PROJECT_VERSION = 1;
				DEVELOPMENT_TEAM = S7297N2DPU;
				GENERATE_INFOPLIST_FILE = YES;
				IPHONEOS_DEPLOYMENT_TARGET = 15.0;
				LD_RUNPATH_SEARCH_PATHS = (
					"$(inherited)",
					"@executable_path/Frameworks",
					"@loader_path/Frameworks",
				);
				MARKETING_VERSION = 1.0;
				PRODUCT_BUNDLE_IDENTIFIER = com.alexis.TriviaTests;
				PRODUCT_NAME = "$(TARGET_NAME)";
				SWIFT_EMIT_LOC_STRINGS = NO;
				SWIFT_VERSION = 5.0;
				TARGETED_DEVICE_FAMILY = "1,2";
				TEST_HOST = "$(BUILT_PRODUCTS_DIR)/Trivia.app/Trivia";
			};
			name = Debug;
		};
		D0CD60E327B5C888002289A2 /* Release */ = {
			isa = XCBuildConfiguration;
			buildSettings = {
				ALWAYS_EMBED_SWIFT_STANDARD_LIBRARIES = YES;
				BUNDLE_LOADER = "$(TEST_HOST)";
				CODE_SIGN_STYLE = Automatic;
				CURRENT_PROJECT_VERSION = 1;
				DEVELOPMENT_TEAM = S7297N2DPU;
				GENERATE_INFOPLIST_FILE = YES;
				IPHONEOS_DEPLOYMENT_TARGET = 15.0;
				LD_RUNPATH_SEARCH_PATHS = (
					"$(inherited)",
					"@executable_path/Frameworks",
					"@loader_path/Frameworks",
				);
				MARKETING_VERSION = 1.0;
				PRODUCT_BUNDLE_IDENTIFIER = com.alexis.TriviaTests;
				PRODUCT_NAME = "$(TARGET_NAME)";
				SWIFT_EMIT_LOC_STRINGS = NO;
				SWIFT_VERSION = 5.0;
				TARGETED_DEVICE_FAMILY = "1,2";
				TEST_HOST = "$(BUILT_PRODUCTS_DIR)/Trivia.app/Trivia";
			};
			name = Release;
		};
		D0CD60E527B5C888002289A2 /* Debug */ = {
			isa = XCBuildConfiguration;
			buildSettings = {
				ALWAYS_EMBED_SWIFT_STANDARD_LIBRARIES = YES;
				CODE_SIGN_STYLE = Automatic;
				CURRENT_PROJECT_VERSION = 1;
				DEVELOPMENT_TEAM = S7297N2DPU;
				GENERATE_INFOPLIST_FILE = YES;
				LD_RUNPATH_SEARCH_PATHS = (
					"$(inherited)",
					"@executable_path/Frameworks",
					"@loader_path/Frameworks",
				);
				MARKETING_VERSION = 1.0;
				PRODUCT_BUNDLE_IDENTIFIER = com.alexis.TriviaUITests;
				PRODUCT_NAME = "$(TARGET_NAME)";
				SWIFT_EMIT_LOC_STRINGS = NO;
				SWIFT_VERSION = 5.0;
				TARGETED_DEVICE_FAMILY = "1,2";
				TEST_TARGET_NAME = Trivia;
			};
			name = Debug;
		};
		D0CD60E627B5C888002289A2 /* Release */ = {
			isa = XCBuildConfiguration;
			buildSettings = {
				ALWAYS_EMBED_SWIFT_STANDARD_LIBRARIES = YES;
				CODE_SIGN_STYLE = Automatic;
				CURRENT_PROJECT_VERSION = 1;
				DEVELOPMENT_TEAM = S7297N2DPU;
				GENERATE_INFOPLIST_FILE = YES;
				LD_RUNPATH_SEARCH_PATHS = (
					"$(inherited)",
					"@executable_path/Frameworks",
					"@loader_path/Frameworks",
				);
				MARKETING_VERSION = 1.0;
				PRODUCT_BUNDLE_IDENTIFIER = com.alexis.TriviaUITests;
				PRODUCT_NAME = "$(TARGET_NAME)";
				SWIFT_EMIT_LOC_STRINGS = NO;
				SWIFT_VERSION = 5.0;
				TARGETED_DEVICE_FAMILY = "1,2";
				TEST_TARGET_NAME = Trivia;
			};
			name = Release;
		};
/* End XCBuildConfiguration section */

/* Begin XCConfigurationList section */
		D0CD60B527B5C887002289A2 /* Build configuration list for PBXProject "Trivia" */ = {
			isa = XCConfigurationList;
			buildConfigurations = (
				D0CD60DC27B5C888002289A2 /* Debug */,
				D0CD60DD27B5C888002289A2 /* Release */,
			);
			defaultConfigurationIsVisible = 0;
			defaultConfigurationName = Release;
		};
		D0CD60DE27B5C888002289A2 /* Build configuration list for PBXNativeTarget "Trivia" */ = {
			isa = XCConfigurationList;
			buildConfigurations = (
				D0CD60DF27B5C888002289A2 /* Debug */,
				D0CD60E027B5C888002289A2 /* Release */,
			);
			defaultConfigurationIsVisible = 0;
			defaultConfigurationName = Release;
		};
		D0CD60E127B5C888002289A2 /* Build configuration list for PBXNativeTarget "TriviaTests" */ = {
			isa = XCConfigurationList;
			buildConfigurations = (
				D0CD60E227B5C888002289A2 /* Debug */,
				D0CD60E327B5C888002289A2 /* Release */,
			);
			defaultConfigurationIsVisible = 0;
			defaultConfigurationName = Release;
		};
		D0CD60E427B5C888002289A2 /* Build configuration list for PBXNativeTarget "TriviaUITests" */ = {
			isa = XCConfigurationList;
			buildConfigurations = (
				D0CD60E527B5C888002289A2 /* Debug */,
				D0CD60E627B5C888002289A2 /* Release */,
			);
			defaultConfigurationIsVisible = 0;
			defaultConfigurationName = Release;
		};
/* End XCConfigurationList section */
	};
	rootObject = D0CD60B227B5C887002289A2 /* Project object */;
}
